// !$*UTF8*$!
{
	archiveVersion = 1;
	classes = {
	};
	objectVersion = 51;
	objects = {

/* Begin PBXBuildFile section */
		3757D2DA26F1DA450030838E /* WidgetKit.framework in Frameworks */ = {isa = PBXBuildFile; fileRef = 375F6F1326F0ECC5001DFBA1 /* WidgetKit.framework */; };
		3757D2DB26F1DA450030838E /* SwiftUI.framework in Frameworks */ = {isa = PBXBuildFile; fileRef = 375F6F1526F0ECC5001DFBA1 /* SwiftUI.framework */; };
		3757D2DE26F1DA450030838E /* WheatherApp.swift in Sources */ = {isa = PBXBuildFile; fileRef = 3757D2DD26F1DA450030838E /* WheatherApp.swift */; };
		3757D2E126F1DA460030838E /* Assets.xcassets in Resources */ = {isa = PBXBuildFile; fileRef = 3757D2E026F1DA460030838E /* Assets.xcassets */; };
		3757D2E326F1DA460030838E /* WheatherApp.intentdefinition in Sources */ = {isa = PBXBuildFile; fileRef = 3757D2DF26F1DA450030838E /* WheatherApp.intentdefinition */; };
		3757D2E726F1DA460030838E /* WheatherAppExtension.appex in Embed App Extensions */ = {isa = PBXBuildFile; fileRef = 3757D2D926F1DA450030838E /* WheatherAppExtension.appex */; settings = {ATTRIBUTES = (RemoveHeadersOnCopy, ); }; };
		3757D2ED26F1E2BB0030838E /* DataWheather.swift in Sources */ = {isa = PBXBuildFile; fileRef = 3757D2EC26F1E2BB0030838E /* DataWheather.swift */; };
		379425CE26F08C5800050E0C /* AppDelegate.swift in Sources */ = {isa = PBXBuildFile; fileRef = 379425B226F08BC700050E0C /* AppDelegate.swift */; };
		379425CF26F08C5800050E0C /* SceneDelegate.swift in Sources */ = {isa = PBXBuildFile; fileRef = 379425B426F08BC700050E0C /* SceneDelegate.swift */; };
		379425D026F08C5800050E0C /* ViewController.swift in Sources */ = {isa = PBXBuildFile; fileRef = 379425B626F08BC700050E0C /* ViewController.swift */; };
		379425D126F08C6500050E0C /* LaunchScreen.storyboard in Resources */ = {isa = PBXBuildFile; fileRef = 379425C626F08BFA00050E0C /* LaunchScreen.storyboard */; };
		379425D226F08C6500050E0C /* Main.storyboard in Resources */ = {isa = PBXBuildFile; fileRef = 379425C826F08BFA00050E0C /* Main.storyboard */; };
		379425D326F08C6500050E0C /* Assets.xcassets in Resources */ = {isa = PBXBuildFile; fileRef = 379425CC26F08C1300050E0C /* Assets.xcassets */; };
		AA5FA36653F9E98B33E37CA4 /* Pods_Wheather.framework in Frameworks */ = {isa = PBXBuildFile; fileRef = 2A92F91D5A7FF702CCFC5330 /* Pods_Wheather.framework */; };
/* End PBXBuildFile section */

/* Begin PBXContainerItemProxy section */
		3757D2E526F1DA460030838E /* PBXContainerItemProxy */ = {
			isa = PBXContainerItemProxy;
			containerPortal = 379425A726F08BC700050E0C /* Project object */;
			proxyType = 1;
			remoteGlobalIDString = 3757D2D826F1DA450030838E;
			remoteInfo = WheatherAppExtension;
		};
/* End PBXContainerItemProxy section */

/* Begin PBXCopyFilesBuildPhase section */
		375F6F2326F0ECC6001DFBA1 /* Embed App Extensions */ = {
			isa = PBXCopyFilesBuildPhase;
			buildActionMask = 2147483647;
			dstPath = "";
			dstSubfolderSpec = 13;
			files = (
				3757D2E726F1DA460030838E /* WheatherAppExtension.appex in Embed App Extensions */,
			);
			name = "Embed App Extensions";
			runOnlyForDeploymentPostprocessing = 0;
		};
/* End PBXCopyFilesBuildPhase section */

/* Begin PBXFileReference section */
		1EDEFDB32ED220D78A322464 /* Pods-Wheather.debug.xcconfig */ = {isa = PBXFileReference; includeInIndex = 1; lastKnownFileType = text.xcconfig; name = "Pods-Wheather.debug.xcconfig"; path = "Target Support Files/Pods-Wheather/Pods-Wheather.debug.xcconfig"; sourceTree = "<group>"; };
		2A92F91D5A7FF702CCFC5330 /* Pods_Wheather.framework */ = {isa = PBXFileReference; explicitFileType = wrapper.framework; includeInIndex = 0; path = Pods_Wheather.framework; sourceTree = BUILT_PRODUCTS_DIR; };
		3757D2D926F1DA450030838E /* WheatherAppExtension.appex */ = {isa = PBXFileReference; explicitFileType = "wrapper.app-extension"; includeInIndex = 0; path = WheatherAppExtension.appex; sourceTree = BUILT_PRODUCTS_DIR; };
		3757D2DD26F1DA450030838E /* WheatherApp.swift */ = {isa = PBXFileReference; lastKnownFileType = sourcecode.swift; name = WheatherApp.swift; path = WheatherApp/WheatherApp.swift; sourceTree = SOURCE_ROOT; };
		3757D2DF26F1DA450030838E /* WheatherApp.intentdefinition */ = {isa = PBXFileReference; lastKnownFileType = file.intentdefinition; path = WheatherApp.intentdefinition; sourceTree = "<group>"; };
		3757D2E026F1DA460030838E /* Assets.xcassets */ = {isa = PBXFileReference; lastKnownFileType = folder.assetcatalog; path = Assets.xcassets; sourceTree = "<group>"; };
		3757D2E226F1DA460030838E /* Info.plist */ = {isa = PBXFileReference; lastKnownFileType = text.plist.xml; path = Info.plist; sourceTree = "<group>"; };
		3757D2EC26F1E2BB0030838E /* DataWheather.swift */ = {isa = PBXFileReference; lastKnownFileType = sourcecode.swift; path = DataWheather.swift; sourceTree = "<group>"; };
		375F6F1326F0ECC5001DFBA1 /* WidgetKit.framework */ = {isa = PBXFileReference; lastKnownFileType = wrapper.framework; name = WidgetKit.framework; path = System/Library/Frameworks/WidgetKit.framework; sourceTree = SDKROOT; };
		375F6F1526F0ECC5001DFBA1 /* SwiftUI.framework */ = {isa = PBXFileReference; lastKnownFileType = wrapper.framework; name = SwiftUI.framework; path = System/Library/Frameworks/SwiftUI.framework; sourceTree = SDKROOT; };
		3769A00D26F10E6400AE29D3 /* UserNotifications.framework */ = {isa = PBXFileReference; lastKnownFileType = wrapper.framework; name = UserNotifications.framework; path = System/Library/Frameworks/UserNotifications.framework; sourceTree = SDKROOT; };
		3769A00F26F10E6400AE29D3 /* UserNotificationsUI.framework */ = {isa = PBXFileReference; lastKnownFileType = wrapper.framework; name = UserNotificationsUI.framework; path = System/Library/Frameworks/UserNotificationsUI.framework; sourceTree = SDKROOT; };
		379425AF26F08BC700050E0C /* Wheather.app */ = {isa = PBXFileReference; explicitFileType = wrapper.application; includeInIndex = 0; path = Wheather.app; sourceTree = BUILT_PRODUCTS_DIR; };
		379425B226F08BC700050E0C /* AppDelegate.swift */ = {isa = PBXFileReference; lastKnownFileType = sourcecode.swift; path = AppDelegate.swift; sourceTree = "<group>"; };
		379425B426F08BC700050E0C /* SceneDelegate.swift */ = {isa = PBXFileReference; lastKnownFileType = sourcecode.swift; path = SceneDelegate.swift; sourceTree = "<group>"; };
		379425B626F08BC700050E0C /* ViewController.swift */ = {isa = PBXFileReference; lastKnownFileType = sourcecode.swift; path = ViewController.swift; sourceTree = "<group>"; };
		379425C026F08BC800050E0C /* Info.plist */ = {isa = PBXFileReference; lastKnownFileType = text.plist.xml; path = Info.plist; sourceTree = "<group>"; };
		379425C726F08BFA00050E0C /* Base */ = {isa = PBXFileReference; lastKnownFileType = file.storyboard; name = Base; path = "../../new app/new app/Base.lproj/LaunchScreen.storyboard"; sourceTree = "<group>"; };
		379425C926F08BFA00050E0C /* Base */ = {isa = PBXFileReference; lastKnownFileType = file.storyboard; name = Base; path = "../../new app/new app/Base.lproj/Main.storyboard"; sourceTree = "<group>"; };
		379425CC26F08C1300050E0C /* Assets.xcassets */ = {isa = PBXFileReference; lastKnownFileType = folder.assetcatalog; name = Assets.xcassets; path = "../../new app/new app/Assets.xcassets"; sourceTree = "<group>"; };
		86BF7D60A8D9F0917C75C09A /* Pods-Wheather.release.xcconfig */ = {isa = PBXFileReference; includeInIndex = 1; lastKnownFileType = text.xcconfig; name = "Pods-Wheather.release.xcconfig"; path = "Target Support Files/Pods-Wheather/Pods-Wheather.release.xcconfig"; sourceTree = "<group>"; };
/* End PBXFileReference section */

/* Begin PBXFrameworksBuildPhase section */
		3757D2D626F1DA450030838E /* Frameworks */ = {
			isa = PBXFrameworksBuildPhase;
			buildActionMask = 2147483647;
			files = (
				3757D2DB26F1DA450030838E /* SwiftUI.framework in Frameworks */,
				3757D2DA26F1DA450030838E /* WidgetKit.framework in Frameworks */,
			);
			runOnlyForDeploymentPostprocessing = 0;
		};
		379425AC26F08BC700050E0C /* Frameworks */ = {
			isa = PBXFrameworksBuildPhase;
			buildActionMask = 2147483647;
			files = (
				AA5FA36653F9E98B33E37CA4 /* Pods_Wheather.framework in Frameworks */,
			);
			runOnlyForDeploymentPostprocessing = 0;
		};
/* End PBXFrameworksBuildPhase section */

/* Begin PBXGroup section */
		3757D2DC26F1DA450030838E /* WheatherApp */ = {
			isa = PBXGroup;
			children = (
				3757D2DD26F1DA450030838E /* WheatherApp.swift */,
				3757D2EC26F1E2BB0030838E /* DataWheather.swift */,
				3757D2DF26F1DA450030838E /* WheatherApp.intentdefinition */,
				3757D2E026F1DA460030838E /* Assets.xcassets */,
				3757D2E226F1DA460030838E /* Info.plist */,
			);
			path = WheatherApp;
			sourceTree = "<group>";
		};
		379425A626F08BC700050E0C = {
			isa = PBXGroup;
			children = (
				379425B126F08BC700050E0C /* Wheather */,
				3757D2DC26F1DA450030838E /* WheatherApp */,
				379425B026F08BC700050E0C /* Products */,
				F1EEC6280CBE8804CFFFC8AC /* Pods */,
				D17DCB64F1F7F2400A89A24B /* Frameworks */,
			);
			sourceTree = "<group>";
		};
		379425B026F08BC700050E0C /* Products */ = {
			isa = PBXGroup;
			children = (
				379425AF26F08BC700050E0C /* Wheather.app */,
				3757D2D926F1DA450030838E /* WheatherAppExtension.appex */,
			);
			name = Products;
			sourceTree = "<group>";
		};
		379425B126F08BC700050E0C /* Wheather */ = {
			isa = PBXGroup;
			children = (
				379425B226F08BC700050E0C /* AppDelegate.swift */,
				379425B426F08BC700050E0C /* SceneDelegate.swift */,
				379425B626F08BC700050E0C /* ViewController.swift */,
				379425C626F08BFA00050E0C /* LaunchScreen.storyboard */,
				379425C826F08BFA00050E0C /* Main.storyboard */,
				379425CC26F08C1300050E0C /* Assets.xcassets */,
				379425C026F08BC800050E0C /* Info.plist */,
			);
			path = Wheather;
			sourceTree = "<group>";
		};
		D17DCB64F1F7F2400A89A24B /* Frameworks */ = {
			isa = PBXGroup;
			children = (
				2A92F91D5A7FF702CCFC5330 /* Pods_Wheather.framework */,
				375F6F1326F0ECC5001DFBA1 /* WidgetKit.framework */,
				375F6F1526F0ECC5001DFBA1 /* SwiftUI.framework */,
				3769A00D26F10E6400AE29D3 /* UserNotifications.framework */,
				3769A00F26F10E6400AE29D3 /* UserNotificationsUI.framework */,
			);
			name = Frameworks;
			sourceTree = "<group>";
		};
		F1EEC6280CBE8804CFFFC8AC /* Pods */ = {
			isa = PBXGroup;
			children = (
				1EDEFDB32ED220D78A322464 /* Pods-Wheather.debug.xcconfig */,
				86BF7D60A8D9F0917C75C09A /* Pods-Wheather.release.xcconfig */,
			);
			path = Pods;
			sourceTree = "<group>";
		};
/* End PBXGroup section */

/* Begin PBXNativeTarget section */
		3757D2D826F1DA450030838E /* WheatherAppExtension */ = {
			isa = PBXNativeTarget;
			buildConfigurationList = 3757D2E826F1DA460030838E /* Build configuration list for PBXNativeTarget "WheatherAppExtension" */;
			buildPhases = (
				3757D2D526F1DA450030838E /* Sources */,
				3757D2D626F1DA450030838E /* Frameworks */,
				3757D2D726F1DA450030838E /* Resources */,
			);
			buildRules = (
			);
			dependencies = (
			);
			name = WheatherAppExtension;
			productName = WheatherAppExtension;
			productReference = 3757D2D926F1DA450030838E /* WheatherAppExtension.appex */;
			productType = "com.apple.product-type.app-extension";
		};
		379425AE26F08BC700050E0C /* Wheather */ = {
			isa = PBXNativeTarget;
			buildConfigurationList = 379425C326F08BC800050E0C /* Build configuration list for PBXNativeTarget "Wheather" */;
			buildPhases = (
				F6E33A7F75B40E906937AAFB /* [CP] Check Pods Manifest.lock */,
				379425AB26F08BC700050E0C /* Sources */,
				379425AC26F08BC700050E0C /* Frameworks */,
				379425AD26F08BC700050E0C /* Resources */,
				71B45633ECB9D13BA6343A09 /* [CP] Embed Pods Frameworks */,
				375F6F2326F0ECC6001DFBA1 /* Embed App Extensions */,
			);
			buildRules = (
			);
			dependencies = (
				3757D2E626F1DA460030838E /* PBXTargetDependency */,
			);
			name = Wheather;
			productName = Wheather;
			productReference = 379425AF26F08BC700050E0C /* Wheather.app */;
			productType = "com.apple.product-type.application";
		};
/* End PBXNativeTarget section */

/* Begin PBXProject section */
		379425A726F08BC700050E0C /* Project object */ = {
			isa = PBXProject;
			attributes = {
				LastSwiftUpdateCheck = 1250;
				LastUpgradeCheck = 1250;
				TargetAttributes = {
					3757D2D826F1DA450030838E = {
						CreatedOnToolsVersion = 12.5.1;
					};
					379425AE26F08BC700050E0C = {
						CreatedOnToolsVersion = 12.5.1;
					};
				};
			};
			buildConfigurationList = 379425AA26F08BC700050E0C /* Build configuration list for PBXProject "Wheather" */;
			compatibilityVersion = "Xcode 9.3";
			developmentRegion = en;
			hasScannedForEncodings = 0;
			knownRegions = (
				en,
				Base,
			);
			mainGroup = 379425A626F08BC700050E0C;
			productRefGroup = 379425B026F08BC700050E0C /* Products */;
			projectDirPath = "";
			projectRoot = "";
			targets = (
				379425AE26F08BC700050E0C /* Wheather */,
				3757D2D826F1DA450030838E /* WheatherAppExtension */,
			);
		};
/* End PBXProject section */

/* Begin PBXResourcesBuildPhase section */
		3757D2D726F1DA450030838E /* Resources */ = {
			isa = PBXResourcesBuildPhase;
			buildActionMask = 2147483647;
			files = (
				3757D2E126F1DA460030838E /* Assets.xcassets in Resources */,
			);
			runOnlyForDeploymentPostprocessing = 0;
		};
		379425AD26F08BC700050E0C /* Resources */ = {
			isa = PBXResourcesBuildPhase;
			buildActionMask = 2147483647;
			files = (
				379425D126F08C6500050E0C /* LaunchScreen.storyboard in Resources */,
				379425D226F08C6500050E0C /* Main.storyboard in Resources */,
				379425D326F08C6500050E0C /* Assets.xcassets in Resources */,
			);
			runOnlyForDeploymentPostprocessing = 0;
		};
/* End PBXResourcesBuildPhase section */

/* Begin PBXShellScriptBuildPhase section */
		71B45633ECB9D13BA6343A09 /* [CP] Embed Pods Frameworks */ = {
			isa = PBXShellScriptBuildPhase;
			buildActionMask = 2147483647;
			files = (
			);
			inputFileListPaths = (
				"${PODS_ROOT}/Target Support Files/Pods-Wheather/Pods-Wheather-frameworks-${CONFIGURATION}-input-files.xcfilelist",
			);
			name = "[CP] Embed Pods Frameworks";
			outputFileListPaths = (
				"${PODS_ROOT}/Target Support Files/Pods-Wheather/Pods-Wheather-frameworks-${CONFIGURATION}-output-files.xcfilelist",
			);
			runOnlyForDeploymentPostprocessing = 0;
			shellPath = /bin/sh;
			shellScript = "\"${PODS_ROOT}/Target Support Files/Pods-Wheather/Pods-Wheather-frameworks.sh\"\n";
			showEnvVarsInLog = 0;
		};
		F6E33A7F75B40E906937AAFB /* [CP] Check Pods Manifest.lock */ = {
			isa = PBXShellScriptBuildPhase;
			buildActionMask = 2147483647;
			files = (
			);
			inputFileListPaths = (
			);
			inputPaths = (
				"${PODS_PODFILE_DIR_PATH}/Podfile.lock",
				"${PODS_ROOT}/Manifest.lock",
			);
			name = "[CP] Check Pods Manifest.lock";
			outputFileListPaths = (
			);
			outputPaths = (
				"$(DERIVED_FILE_DIR)/Pods-Wheather-checkManifestLockResult.txt",
			);
			runOnlyForDeploymentPostprocessing = 0;
			shellPath = /bin/sh;
			shellScript = "diff \"${PODS_PODFILE_DIR_PATH}/Podfile.lock\" \"${PODS_ROOT}/Manifest.lock\" > /dev/null\nif [ $? != 0 ] ; then\n    # print error to STDERR\n    echo \"error: The sandbox is not in sync with the Podfile.lock. Run 'pod install' or update your CocoaPods installation.\" >&2\n    exit 1\nfi\n# This output is used by Xcode 'outputs' to avoid re-running this script phase.\necho \"SUCCESS\" > \"${SCRIPT_OUTPUT_FILE_0}\"\n";
			showEnvVarsInLog = 0;
		};
/* End PBXShellScriptBuildPhase section */

/* Begin PBXSourcesBuildPhase section */
		3757D2D526F1DA450030838E /* Sources */ = {
			isa = PBXSourcesBuildPhase;
			buildActionMask = 2147483647;
			files = (
				3757D2E326F1DA460030838E /* WheatherApp.intentdefinition in Sources */,
				3757D2DE26F1DA450030838E /* WheatherApp.swift in Sources */,
			);
			runOnlyForDeploymentPostprocessing = 0;
		};
		379425AB26F08BC700050E0C /* Sources */ = {
			isa = PBXSourcesBuildPhase;
			buildActionMask = 2147483647;
			files = (
				379425CE26F08C5800050E0C /* AppDelegate.swift in Sources */,
				379425CF26F08C5800050E0C /* SceneDelegate.swift in Sources */,
				379425D026F08C5800050E0C /* ViewController.swift in Sources */,
				3757D2ED26F1E2BB0030838E /* DataWheather.swift in Sources */,
			);
			runOnlyForDeploymentPostprocessing = 0;
		};
/* End PBXSourcesBuildPhase section */

/* Begin PBXTargetDependency section */
		3757D2E626F1DA460030838E /* PBXTargetDependency */ = {
			isa = PBXTargetDependency;
			target = 3757D2D826F1DA450030838E /* WheatherAppExtension */;
			targetProxy = 3757D2E526F1DA460030838E /* PBXContainerItemProxy */;
		};
/* End PBXTargetDependency section */

/* Begin PBXVariantGroup section */
		379425C626F08BFA00050E0C /* LaunchScreen.storyboard */ = {
			isa = PBXVariantGroup;
			children = (
				379425C726F08BFA00050E0C /* Base */,
			);
			name = LaunchScreen.storyboard;
			sourceTree = "<group>";
		};
		379425C826F08BFA00050E0C /* Main.storyboard */ = {
			isa = PBXVariantGroup;
			children = (
				379425C926F08BFA00050E0C /* Base */,
			);
			name = Main.storyboard;
			sourceTree = "<group>";
		};
/* End PBXVariantGroup section */

/* Begin XCBuildConfiguration section */
		3757D2E926F1DA460030838E /* Debug */ = {
			isa = XCBuildConfiguration;
			buildSettings = {
				ASSETCATALOG_COMPILER_GLOBAL_ACCENT_COLOR_NAME = AccentColor;
				ASSETCATALOG_COMPILER_WIDGET_BACKGROUND_COLOR_NAME = WidgetBackground;
				CODE_SIGN_STYLE = Automatic;
				INFOPLIST_FILE = WheatherApp/Info.plist;
				LD_RUNPATH_SEARCH_PATHS = (
					"$(inherited)",
					"@executable_path/Frameworks",
					"@executable_path/../../Frameworks",
				);
				PRODUCT_BUNDLE_IDENTIFIER = "new-project.Wheather.WheatherApp";
				PRODUCT_NAME = "$(TARGET_NAME)";
				SKIP_INSTALL = YES;
				SWIFT_VERSION = 5.0;
				TARGETED_DEVICE_FAMILY = "1,2";
			};
			name = Debug;
		};
		3757D2EA26F1DA460030838E /* Release */ = {
			isa = XCBuildConfiguration;
			buildSettings = {
				ASSETCATALOG_COMPILER_GLOBAL_ACCENT_COLOR_NAME = AccentColor;
				ASSETCATALOG_COMPILER_WIDGET_BACKGROUND_COLOR_NAME = WidgetBackground;
				CODE_SIGN_STYLE = Automatic;
				INFOPLIST_FILE = WheatherApp/Info.plist;
				LD_RUNPATH_SEARCH_PATHS = (
					"$(inherited)",
					"@executable_path/Frameworks",
					"@executable_path/../../Frameworks",
				);
				PRODUCT_BUNDLE_IDENTIFIER = "new-project.Wheather.WheatherApp";
				PRODUCT_NAME = "$(TARGET_NAME)";
				SKIP_INSTALL = YES;
				SWIFT_VERSION = 5.0;
				TARGETED_DEVICE_FAMILY = "1,2";
			};
			name = Release;
		};
		379425C126F08BC800050E0C /* Debug */ = {
			isa = XCBuildConfiguration;
			buildSettings = {
				ALWAYS_SEARCH_USER_PATHS = NO;
				CLANG_ANALYZER_NONNULL = YES;
				CLANG_ANALYZER_NUMBER_OBJECT_CONVERSION = YES_AGGRESSIVE;
				CLANG_CXX_LANGUAGE_STANDARD = "gnu++14";
				CLANG_CXX_LIBRARY = "libc++";
				CLANG_ENABLE_MODULES = YES;
				CLANG_ENABLE_OBJC_ARC = YES;
				CLANG_ENABLE_OBJC_WEAK = YES;
				CLANG_WARN_BLOCK_CAPTURE_AUTORELEASING = YES;
				CLANG_WARN_BOOL_CONVERSION = YES;
				CLANG_WARN_COMMA = YES;
				CLANG_WARN_CONSTANT_CONVERSION = YES;
				CLANG_WARN_DEPRECATED_OBJC_IMPLEMENTATIONS = YES;
				CLANG_WARN_DIRECT_OBJC_ISA_USAGE = YES_ERROR;
				CLANG_WARN_DOCUMENTATION_COMMENTS = YES;
				CLANG_WARN_EMPTY_BODY = YES;
				CLANG_WARN_ENUM_CONVERSION = YES;
				CLANG_WARN_INFINITE_RECURSION = YES;
				CLANG_WARN_INT_CONVERSION = YES;
				CLANG_WARN_NON_LITERAL_NULL_CONVERSION = YES;
				CLANG_WARN_OBJC_IMPLICIT_RETAIN_SELF = YES;
				CLANG_WARN_OBJC_LITERAL_CONVERSION = YES;
				CLANG_WARN_OBJC_ROOT_CLASS = YES_ERROR;
				CLANG_WARN_QUOTED_INCLUDE_IN_FRAMEWORK_HEADER = YES;
				CLANG_WARN_RANGE_LOOP_ANALYSIS = YES;
				CLANG_WARN_STRICT_PROTOTYPES = YES;
				CLANG_WARN_SUSPICIOUS_MOVE = YES;
				CLANG_WARN_UNGUARDED_AVAILABILITY = YES_AGGRESSIVE;
				CLANG_WARN_UNREACHABLE_CODE = YES;
				CLANG_WARN__DUPLICATE_METHOD_MATCH = YES;
				COPY_PHASE_STRIP = NO;
				DEBUG_INFORMATION_FORMAT = dwarf;
				DEVELOPMENT_TEAM = Alexandrlyachov;
				ENABLE_STRICT_OBJC_MSGSEND = YES;
				ENABLE_TESTABILITY = YES;
				GCC_C_LANGUAGE_STANDARD = gnu11;
				GCC_DYNAMIC_NO_PIC = NO;
				GCC_NO_COMMON_BLOCKS = YES;
				GCC_OPTIMIZATION_LEVEL = 0;
				GCC_PREPROCESSOR_DEFINITIONS = (
					"DEBUG=1",
					"$(inherited)",
				);
				GCC_WARN_64_TO_32_BIT_CONVERSION = YES;
				GCC_WARN_ABOUT_RETURN_TYPE = YES_ERROR;
				GCC_WARN_UNDECLARED_SELECTOR = YES;
				GCC_WARN_UNINITIALIZED_AUTOS = YES_AGGRESSIVE;
				GCC_WARN_UNUSED_FUNCTION = YES;
				GCC_WARN_UNUSED_VARIABLE = YES;
				IPHONEOS_DEPLOYMENT_TARGET = 14.5;
				MTL_ENABLE_DEBUG_INFO = INCLUDE_SOURCE;
				MTL_FAST_MATH = YES;
				ONLY_ACTIVE_ARCH = YES;
				SDKROOT = iphoneos;
				SWIFT_ACTIVE_COMPILATION_CONDITIONS = DEBUG;
				SWIFT_OPTIMIZATION_LEVEL = "-Onone";
			};
			name = Debug;
		};
		379425C226F08BC800050E0C /* Release */ = {
			isa = XCBuildConfiguration;
			buildSettings = {
				ALWAYS_SEARCH_USER_PATHS = NO;
				CLANG_ANALYZER_NONNULL = YES;
				CLANG_ANALYZER_NUMBER_OBJECT_CONVERSION = YES_AGGRESSIVE;
				CLANG_CXX_LANGUAGE_STANDARD = "gnu++14";
				CLANG_CXX_LIBRARY = "libc++";
				CLANG_ENABLE_MODULES = YES;
				CLANG_ENABLE_OBJC_ARC = YES;
				CLANG_ENABLE_OBJC_WEAK = YES;
				CLANG_WARN_BLOCK_CAPTURE_AUTORELEASING = YES;
				CLANG_WARN_BOOL_CONVERSION = YES;
				CLANG_WARN_COMMA = YES;
				CLANG_WARN_CONSTANT_CONVERSION = YES;
				CLANG_WARN_DEPRECATED_OBJC_IMPLEMENTATIONS = YES;
				CLANG_WARN_DIRECT_OBJC_ISA_USAGE = YES_ERROR;
				CLANG_WARN_DOCUMENTATION_COMMENTS = YES;
				CLANG_WARN_EMPTY_BODY = YES;
				CLANG_WARN_ENUM_CONVERSION = YES;
				CLANG_WARN_INFINITE_RECURSION = YES;
				CLANG_WARN_INT_CONVERSION = YES;
				CLANG_WARN_NON_LITERAL_NULL_CONVERSION = YES;
				CLANG_WARN_OBJC_IMPLICIT_RETAIN_SELF = YES;
				CLANG_WARN_OBJC_LITERAL_CONVERSION = YES;
				CLANG_WARN_OBJC_ROOT_CLASS = YES_ERROR;
				CLANG_WARN_QUOTED_INCLUDE_IN_FRAMEWORK_HEADER = YES;
				CLANG_WARN_RANGE_LOOP_ANALYSIS = YES;
				CLANG_WARN_STRICT_PROTOTYPES = YES;
				CLANG_WARN_SUSPICIOUS_MOVE = YES;
				CLANG_WARN_UNGUARDED_AVAILABILITY = YES_AGGRESSIVE;
				CLANG_WARN_UNREACHABLE_CODE = YES;
				CLANG_WARN__DUPLICATE_METHOD_MATCH = YES;
				COPY_PHASE_STRIP = NO;
				DEBUG_INFORMATION_FORMAT = "dwarf-with-dsym";
				DEVELOPMENT_TEAM = Alexandrlyachov;
				ENABLE_NS_ASSERTIONS = NO;
				ENABLE_STRICT_OBJC_MSGSEND = YES;
				GCC_C_LANGUAGE_STANDARD = gnu11;
				GCC_NO_COMMON_BLOCKS = YES;
				GCC_WARN_64_TO_32_BIT_CONVERSION = YES;
				GCC_WARN_ABOUT_RETURN_TYPE = YES_ERROR;
				GCC_WARN_UNDECLARED_SELECTOR = YES;
				GCC_WARN_UNINITIALIZED_AUTOS = YES_AGGRESSIVE;
				GCC_WARN_UNUSED_FUNCTION = YES;
				GCC_WARN_UNUSED_VARIABLE = YES;
				IPHONEOS_DEPLOYMENT_TARGET = 14.5;
				MTL_ENABLE_DEBUG_INFO = NO;
				MTL_FAST_MATH = YES;
				SDKROOT = iphoneos;
				SWIFT_COMPILATION_MODE = wholemodule;
				SWIFT_OPTIMIZATION_LEVEL = "-O";
				VALIDATE_PRODUCT = YES;
			};
			name = Release;
		};
		379425C426F08BC800050E0C /* Debug */ = {
			isa = XCBuildConfiguration;
			baseConfigurationReference = 1EDEFDB32ED220D78A322464 /* Pods-Wheather.debug.xcconfig */;
			buildSettings = {
				ALWAYS_EMBED_SWIFT_STANDARD_LIBRARIES = YES;
				ASSETCATALOG_COMPILER_APPICON_NAME = AppIcon;
				ASSETCATALOG_COMPILER_GLOBAL_ACCENT_COLOR_NAME = AccentColor;
				CODE_SIGN_STYLE = Automatic;
				INFOPLIST_FILE = Wheather/Info.plist;
				LD_RUNPATH_SEARCH_PATHS = (
					"$(inherited)",
					"@executable_path/Frameworks",
				);
				PRODUCT_BUNDLE_IDENTIFIER = "new-project.Wheather";
				PRODUCT_NAME = "$(TARGET_NAME)";
				SWIFT_VERSION = 5.0;
				TARGETED_DEVICE_FAMILY = "1,2";
			};
			name = Debug;
		};
		379425C526F08BC800050E0C /* Release */ = {
			isa = XCBuildConfiguration;
			baseConfigurationReference = 86BF7D60A8D9F0917C75C09A /* Pods-Wheather.release.xcconfig */;
			buildSettings = {
				ALWAYS_EMBED_SWIFT_STANDARD_LIBRARIES = YES;
				ASSETCATALOG_COMPILER_APPICON_NAME = AppIcon;
				ASSETCATALOG_COMPILER_GLOBAL_ACCENT_COLOR_NAME = AccentColor;
				CODE_SIGN_STYLE = Automatic;
				INFOPLIST_FILE = Wheather/Info.plist;
				LD_RUNPATH_SEARCH_PATHS = (
					"$(inherited)",
					"@executable_path/Frameworks",
				);
				PRODUCT_BUNDLE_IDENTIFIER = "new-project.Wheather";
				PRODUCT_NAME = "$(TARGET_NAME)";
				SWIFT_VERSION = 5.0;
				TARGETED_DEVICE_FAMILY = "1,2";
			};
			name = Release;
		};
/* End XCBuildConfiguration section */

/* Begin XCConfigurationList section */
		3757D2E826F1DA460030838E /* Build configuration list for PBXNativeTarget "WheatherAppExtension" */ = {
			isa = XCConfigurationList;
			buildConfigurations = (
				3757D2E926F1DA460030838E /* Debug */,
				3757D2EA26F1DA460030838E /* Release */,
			);
			defaultConfigurationIsVisible = 0;
			defaultConfigurationName = Release;
		};
		379425AA26F08BC700050E0C /* Build configuration list for PBXProject "Wheather" */ = {
			isa = XCConfigurationList;
			buildConfigurations = (
				379425C126F08BC800050E0C /* Debug */,
				379425C226F08BC800050E0C /* Release */,
			);
			defaultConfigurationIsVisible = 0;
			defaultConfigurationName = Release;
		};
		379425C326F08BC800050E0C /* Build configuration list for PBXNativeTarget "Wheather" */ = {
			isa = XCConfigurationList;
			buildConfigurations = (
				379425C426F08BC800050E0C /* Debug */,
				379425C526F08BC800050E0C /* Release */,
			);
			defaultConfigurationIsVisible = 0;
			defaultConfigurationName = Release;
		};
/* End XCConfigurationList section */
	};
	rootObject = 379425A726F08BC700050E0C /* Project object */;
}
